
Microsoft Visual Studio Solution File, Format Version 12.00
# Visual Studio Version 17
VisualStudioVersion = 17.8.34316.72
MinimumVisualStudioVersion = 10.0.40219.1
Project("{FAE04EC0-301F-11D3-BF4B-00C04F79EFBC}") = "ToDoList", "ToDoList\ToDoList.csproj", "{688889CF-9FA2-473E-9958-84EFF36944A2}"
EndProject
Global
	GlobalSection(SolutionConfigurationPlatforms) = preSolution
		Debug|Any CPU = Debug|Any CPU
		Release|Any CPU = Release|Any CPU
	EndGlobalSection
	GlobalSection(ProjectConfigurationPlatforms) = postSolution
		{688889CF-9FA2-473E-9958-84EFF36944A2}.Debug|Any CPU.ActiveCfg = Debug|Any CPU
		{688889CF-9FA2-473E-9958-84EFF36944A2}.Debug|Any CPU.Build.0 = Debug|Any CPU
		{688889CF-9FA2-473E-9958-84EFF36944A2}.Release|Any CPU.ActiveCfg = Release|Any CPU
		{688889CF-9FA2-473E-9958-84EFF36944A2}.Release|Any CPU.Build.0 = Release|Any CPU
	EndGlobalSection
	GlobalSection(SolutionProperties) = preSolution
		HideSolutionNode = FALSE
	EndGlobalSection
	GlobalSection(ExtensibilityGlobals) = postSolution
		SolutionGuid = {8334A8E9-9C7F-4B6A-9778-3FCBB9D55B43}
	EndGlobalSection
EndGlobal
